
Microsoft Visual Studio Solution File, Format Version 12.00
# Visual Studio Version 16
VisualStudioVersion = 16.0.31624.102
MinimumVisualStudioVersion = 10.0.40219.1
Project("{9A19103F-16F7-4668-BE54-9A1E7A4F7556}") = "BoxTee", "BoxTee\BoxTee.csproj", "{6673F173-C35D-4C34-9E8F-59ED586CABC5}"
EndProject
Project("{FAE04EC0-301F-11D3-BF4B-00C04F79EFBC}") = "NoName.Memory", "NoName.Memory\NoName.Memory.csproj", "{4FA76160-7B72-4AAB-80BD-6649C60B9944}"
EndProject
Global
	GlobalSection(SolutionConfigurationPlatforms) = preSolution
		Debug|Any CPU = Debug|Any CPU
		Release|Any CPU = Release|Any CPU
	EndGlobalSection
	GlobalSection(ProjectConfigurationPlatforms) = postSolution
		{6673F173-C35D-4C34-9E8F-59ED586CABC5}.Debug|Any CPU.ActiveCfg = Debug|Any CPU
		{6673F173-C35D-4C34-9E8F-59ED586CABC5}.Debug|Any CPU.Build.0 = Debug|Any CPU
		{6673F173-C35D-4C34-9E8F-59ED586CABC5}.Release|Any CPU.ActiveCfg = Release|Any CPU
		{6673F173-C35D-4C34-9E8F-59ED586CABC5}.Release|Any CPU.Build.0 = Release|Any CPU
		{4FA76160-7B72-4AAB-80BD-6649C60B9944}.Debug|Any CPU.ActiveCfg = Debug|Any CPU
		{4FA76160-7B72-4AAB-80BD-6649C60B9944}.Debug|Any CPU.Build.0 = Debug|Any CPU
		{4FA76160-7B72-4AAB-80BD-6649C60B9944}.Release|Any CPU.ActiveCfg = Release|Any CPU
		{4FA76160-7B72-4AAB-80BD-6649C60B9944}.Release|Any CPU.Build.0 = Release|Any CPU
	EndGlobalSection
	GlobalSection(SolutionProperties) = preSolution
		HideSolutionNode = FALSE
	EndGlobalSection
	GlobalSection(ExtensibilityGlobals) = postSolution
		SolutionGuid = {C04BE013-9580-4818-80B6-0106FB249712}
	EndGlobalSection
EndGlobal
